{
  "name": "todomvc",
  "lockfileVersion": 3,
  "requires": true,
  "packages": {
    "": {
      "dependencies": {
        "mikado": "^0.8.313",
        "todomvc-app-css": "^2.4.3",
        "todomvc-common": "^1.0.5"
      }
    },
    "node_modules/html2json": {
      "version": "1.0.2",
      "resolved": "https://registry.npmjs.org/html2json/-/html2json-1.0.2.tgz",
      "integrity": "sha1-ydbSAvplQCOGwgKzRc9RvOgO0e8="
    },
    "node_modules/mikado": {
      "version": "0.8.313",
      "resolved": "https://registry.npmjs.org/mikado/-/mikado-0.8.313.tgz",
      "integrity": "sha512-vLo2OYnyxUWUbr53AAVJH9pRKN+LNxhG9KVlojl0mA9spDY3n4p7OJqmXnXCCxefZYIB04hcM5tAxnm5CBxLmg==",
      "dependencies": {
        "html2json": "^1.0.2"
      },
      "bin": {
        "mikado-compile": "compiler/cli.js"
      }
    },
    "node_modules/todomvc-app-css": {
      "version": "2.4.3",
      "resolved": "https://registry.npmjs.org/todomvc-app-css/-/todomvc-app-css-2.4.3.tgz",
      "integrity": "sha512-mSnWZaKBWj9aQcFRsGguY/a8O8NR8GmecD48yU1rzwNemgZa/INLpIsxxMiToFGVth+uEKBrQ7IhWkaXZxwq5Q==",
      "engines": {
        "node": ">=4"
      }
    },
    "node_modules/todomvc-common": {
      "version": "1.0.5",
      "resolved": "https://registry.npmjs.org/todomvc-common/-/todomvc-common-1.0.5.tgz",
      "integrity": "sha512-D8kEJmxVMQIWwztEdH+WeiAfXRbbSCpgXq4NkYi+gduJ2tr8CNq7sYLfJvjpQ10KD9QxJwig57rvMbV2QAESwQ=="
    }
  }
}
